
Microsoft Visual Studio Solution File, Format Version 12.00
# Visual Studio Version 16
VisualStudioVersion = 16.0.29324.140
MinimumVisualStudioVersion = 10.0.40219.1
Project("{FAE04EC0-301F-11D3-BF4B-00C04F79EFBC}") = "QuanLyNhanVien.Web", "QuanLyNhanVien.Web\QuanLyNhanVien.Web.csproj", "{B7094092-DD99-40A8-9B8B-EF305FAA57E5}"
EndProject
Project("{FAE04EC0-301F-11D3-BF4B-00C04F79EFBC}") = "QuanLyNhanVien.Models", "QuanLyNhanVien.Models\QuanLyNhanVien.Models.csproj", "{51F55F9B-F8C3-456F-B619-045738985567}"
EndProject
Project("{FAE04EC0-301F-11D3-BF4B-00C04F79EFBC}") = "QuanLyNhanVien.Data", "QuanLyNhanVien.Data\QuanLyNhanVien.Data.csproj", "{28383AFF-0A64-4195-935F-8393536797AA}"
EndProject
Project("{FAE04EC0-301F-11D3-BF4B-00C04F79EFBC}") = "QuanLyNhanVien.Service", "QuanLyNhanVien.Service\QuanLyNhanVien.Service.csproj", "{A2897700-15AB-4FF9-8A83-0D5F90F5E2A9}"
EndProject
Project("{FAE04EC0-301F-11D3-BF4B-00C04F79EFBC}") = "QuanLyNhanVien.Common", "QuanLyNhanVien.Common\QuanLyNhanVien.Common.csproj", "{71636BE9-9221-4BE2-8B00-CE7DB2902DBF}"
EndProject
Global
	GlobalSection(SolutionConfigurationPlatforms) = preSolution
		Debug|Any CPU = Debug|Any CPU
		Release|Any CPU = Release|Any CPU
	EndGlobalSection
	GlobalSection(ProjectConfigurationPlatforms) = postSolution
		{B7094092-DD99-40A8-9B8B-EF305FAA57E5}.Debug|Any CPU.ActiveCfg = Debug|Any CPU
		{B7094092-DD99-40A8-9B8B-EF305FAA57E5}.Debug|Any CPU.Build.0 = Debug|Any CPU
		{B7094092-DD99-40A8-9B8B-EF305FAA57E5}.Release|Any CPU.ActiveCfg = Release|Any CPU
		{B7094092-DD99-40A8-9B8B-EF305FAA57E5}.Release|Any CPU.Build.0 = Release|Any CPU
		{51F55F9B-F8C3-456F-B619-045738985567}.Debug|Any CPU.ActiveCfg = Debug|Any CPU
		{51F55F9B-F8C3-456F-B619-045738985567}.Debug|Any CPU.Build.0 = Debug|Any CPU
		{51F55F9B-F8C3-456F-B619-045738985567}.Release|Any CPU.ActiveCfg = Release|Any CPU
		{51F55F9B-F8C3-456F-B619-045738985567}.Release|Any CPU.Build.0 = Release|Any CPU
		{28383AFF-0A64-4195-935F-8393536797AA}.Debug|Any CPU.ActiveCfg = Debug|Any CPU
		{28383AFF-0A64-4195-935F-8393536797AA}.Debug|Any CPU.Build.0 = Debug|Any CPU
		{28383AFF-0A64-4195-935F-8393536797AA}.Release|Any CPU.ActiveCfg = Release|Any CPU
		{28383AFF-0A64-4195-935F-8393536797AA}.Release|Any CPU.Build.0 = Release|Any CPU
		{A2897700-15AB-4FF9-8A83-0D5F90F5E2A9}.Debug|Any CPU.ActiveCfg = Debug|Any CPU
		{A2897700-15AB-4FF9-8A83-0D5F90F5E2A9}.Debug|Any CPU.Build.0 = Debug|Any CPU
		{A2897700-15AB-4FF9-8A83-0D5F90F5E2A9}.Release|Any CPU.ActiveCfg = Release|Any CPU
		{A2897700-15AB-4FF9-8A83-0D5F90F5E2A9}.Release|Any CPU.Build.0 = Release|Any CPU
		{71636BE9-9221-4BE2-8B00-CE7DB2902DBF}.Debug|Any CPU.ActiveCfg = Debug|Any CPU
		{71636BE9-9221-4BE2-8B00-CE7DB2902DBF}.Debug|Any CPU.Build.0 = Debug|Any CPU
		{71636BE9-9221-4BE2-8B00-CE7DB2902DBF}.Release|Any CPU.ActiveCfg = Release|Any CPU
		{71636BE9-9221-4BE2-8B00-CE7DB2902DBF}.Release|Any CPU.Build.0 = Release|Any CPU
	EndGlobalSection
	GlobalSection(SolutionProperties) = preSolution
		HideSolutionNode = FALSE
	EndGlobalSection
	GlobalSection(ExtensibilityGlobals) = postSolution
		SolutionGuid = {E550811C-763F-4F5B-BA2D-69FB3C9AF5D1}
	EndGlobalSection
EndGlobal
